
Microsoft Visual Studio Solution File, Format Version 12.00
# Visual Studio Version 16
VisualStudioVersion = 16.0.31515.178
MinimumVisualStudioVersion = 10.0.40219.1
Project("{8BC9CEB8-8B4A-11D0-8D11-00A0C91BC942}") = "CornerGrocer", "CornerGrocer.vcxproj", "{8D46A4B3-5258-4EAB-B3B2-700C5CC93255}"
EndProject
Global
	GlobalSection(SolutionConfigurationPlatforms) = preSolution
		Debug|x64 = Debug|x64
		Debug|x86 = Debug|x86
		Release|x64 = Release|x64
		Release|x86 = Release|x86
	EndGlobalSection
	GlobalSection(ProjectConfigurationPlatforms) = postSolution
		{8D46A4B3-5258-4EAB-B3B2-700C5CC93255}.Debug|x64.ActiveCfg = Debug|x64
		{8D46A4B3-5258-4EAB-B3B2-700C5CC93255}.Debug|x64.Build.0 = Debug|x64
		{8D46A4B3-5258-4EAB-B3B2-700C5CC93255}.Debug|x86.ActiveCfg = Debug|Win32
		{8D46A4B3-5258-4EAB-B3B2-700C5CC93255}.Debug|x86.Build.0 = Debug|Win32
		{8D46A4B3-5258-4EAB-B3B2-700C5CC93255}.Release|x64.ActiveCfg = Release|x64
		{8D46A4B3-5258-4EAB-B3B2-700C5CC93255}.Release|x64.Build.0 = Release|x64
		{8D46A4B3-5258-4EAB-B3B2-700C5CC93255}.Release|x86.ActiveCfg = Release|Win32
		{8D46A4B3-5258-4EAB-B3B2-700C5CC93255}.Release|x86.Build.0 = Release|Win32
	EndGlobalSection
	GlobalSection(SolutionProperties) = preSolution
		HideSolutionNode = FALSE
	EndGlobalSection
	GlobalSection(ExtensibilityGlobals) = postSolution
		SolutionGuid = {59EA29A0-4258-499F-AF7B-C05A0909BB01}
	EndGlobalSection
EndGlobal
